
Microsoft Visual Studio Solution File, Format Version 12.00
# Visual Studio 2012
Project("{FAE04EC0-301F-11D3-BF4B-00C04F79EFBC}") = "SteelHair", "SteelHair\SteelHair.csproj", "{813b74aa-cd2c-455a-8313-53bf5d9c0096}"
EndProject
Global
	GlobalSection(SolutionConfigurationPlatforms) = preSolution
		Debug|Any CPU = Debug|Any CPU
		Release|Any CPU = Release|Any CPU
	EndGlobalSection
	GlobalSection(ProjectConfigurationPlatforms) = postSolution
		{813B74AA-CD2C-455A-8313-53BF5D9C0096}.Debug|Any CPU.ActiveCfg = Debug|Any CPU
		{813B74AA-CD2C-455A-8313-53BF5D9C0096}.Debug|Any CPU.Build.0 = Debug|Any CPU
		{813B74AA-CD2C-455A-8313-53BF5D9C0096}.Release|Any CPU.ActiveCfg = Release|Any CPU
		{813B74AA-CD2C-455A-8313-53BF5D9C0096}.Release|Any CPU.Build.0 = Release|Any CPU
	EndGlobalSection
EndGlobal
